
Microsoft Visual Studio Solution File, Format Version 12.00
# Visual Studio Version 17
VisualStudioVersion = 17.13.35913.81
MinimumVisualStudioVersion = 10.0.40219.1
Project("{8BC9CEB8-8B4A-11D0-8D11-00A0C91BC942}") = "01BaseCode", "01BaseCode\01BaseCode.vcxproj", "{6FBE9650-AAEF-4065-8181-A785DFDD674E}"
EndProject
Project("{8BC9CEB8-8B4A-11D0-8D11-00A0C91BC942}") = "02Surface", "02Surface\02Surface.vcxproj", "{87A8CFDC-13FC-45E2-85F5-3B3EF3B1534F}"
EndProject
Project("{8BC9CEB8-8B4A-11D0-8D11-00A0C91BC942}") = "03SwapChain", "03SwapChain\03SwapChain.vcxproj", "{420287E2-AD50-4C48-946D-80EA849C91AF}"
EndProject
Project("{8BC9CEB8-8B4A-11D0-8D11-00A0C91BC942}") = "04ImageView", "04ImageView\04ImageView.vcxproj", "{997CFA84-A170-4893-BF1D-A4398EF684CA}"
EndProject
Global
	GlobalSection(SolutionConfigurationPlatforms) = preSolution
		Debug|x64 = Debug|x64
		Debug|x86 = Debug|x86
		Release|x64 = Release|x64
		Release|x86 = Release|x86
	EndGlobalSection
	GlobalSection(ProjectConfigurationPlatforms) = postSolution
		{6FBE9650-AAEF-4065-8181-A785DFDD674E}.Debug|x64.ActiveCfg = Debug|x64
		{6FBE9650-AAEF-4065-8181-A785DFDD674E}.Debug|x64.Build.0 = Debug|x64
		{6FBE9650-AAEF-4065-8181-A785DFDD674E}.Debug|x86.ActiveCfg = Debug|Win32
		{6FBE9650-AAEF-4065-8181-A785DFDD674E}.Debug|x86.Build.0 = Debug|Win32
		{6FBE9650-AAEF-4065-8181-A785DFDD674E}.Release|x64.ActiveCfg = Release|x64
		{6FBE9650-AAEF-4065-8181-A785DFDD674E}.Release|x64.Build.0 = Release|x64
		{6FBE9650-AAEF-4065-8181-A785DFDD674E}.Release|x86.ActiveCfg = Release|Win32
		{6FBE9650-AAEF-4065-8181-A785DFDD674E}.Release|x86.Build.0 = Release|Win32
		{87A8CFDC-13FC-45E2-85F5-3B3EF3B1534F}.Debug|x64.ActiveCfg = Debug|x64
		{87A8CFDC-13FC-45E2-85F5-3B3EF3B1534F}.Debug|x64.Build.0 = Debug|x64
		{87A8CFDC-13FC-45E2-85F5-3B3EF3B1534F}.Debug|x86.ActiveCfg = Debug|Win32
		{87A8CFDC-13FC-45E2-85F5-3B3EF3B1534F}.Debug|x86.Build.0 = Debug|Win32
		{87A8CFDC-13FC-45E2-85F5-3B3EF3B1534F}.Release|x64.ActiveCfg = Release|x64
		{87A8CFDC-13FC-45E2-85F5-3B3EF3B1534F}.Release|x64.Build.0 = Release|x64
		{87A8CFDC-13FC-45E2-85F5-3B3EF3B1534F}.Release|x86.ActiveCfg = Release|Win32
		{87A8CFDC-13FC-45E2-85F5-3B3EF3B1534F}.Release|x86.Build.0 = Release|Win32
		{420287E2-AD50-4C48-946D-80EA849C91AF}.Debug|x64.ActiveCfg = Debug|x64
		{420287E2-AD50-4C48-946D-80EA849C91AF}.Debug|x64.Build.0 = Debug|x64
		{420287E2-AD50-4C48-946D-80EA849C91AF}.Debug|x86.ActiveCfg = Debug|Win32
		{420287E2-AD50-4C48-946D-80EA849C91AF}.Debug|x86.Build.0 = Debug|Win32
		{420287E2-AD50-4C48-946D-80EA849C91AF}.Release|x64.ActiveCfg = Release|x64
		{420287E2-AD50-4C48-946D-80EA849C91AF}.Release|x64.Build.0 = Release|x64
		{420287E2-AD50-4C48-946D-80EA849C91AF}.Release|x86.ActiveCfg = Release|Win32
		{420287E2-AD50-4C48-946D-80EA849C91AF}.Release|x86.Build.0 = Release|Win32
		{997CFA84-A170-4893-BF1D-A4398EF684CA}.Debug|x64.ActiveCfg = Debug|x64
		{997CFA84-A170-4893-BF1D-A4398EF684CA}.Debug|x64.Build.0 = Debug|x64
		{997CFA84-A170-4893-BF1D-A4398EF684CA}.Debug|x86.ActiveCfg = Debug|Win32
		{997CFA84-A170-4893-BF1D-A4398EF684CA}.Debug|x86.Build.0 = Debug|Win32
		{997CFA84-A170-4893-BF1D-A4398EF684CA}.Release|x64.ActiveCfg = Release|x64
		{997CFA84-A170-4893-BF1D-A4398EF684CA}.Release|x64.Build.0 = Release|x64
		{997CFA84-A170-4893-BF1D-A4398EF684CA}.Release|x86.ActiveCfg = Release|Win32
		{997CFA84-A170-4893-BF1D-A4398EF684CA}.Release|x86.Build.0 = Release|Win32
	EndGlobalSection
	GlobalSection(SolutionProperties) = preSolution
		HideSolutionNode = FALSE
	EndGlobalSection
	GlobalSection(ExtensibilityGlobals) = postSolution
		SolutionGuid = {93FD3DE5-959A-443A-8FAC-512384A74ED0}
	EndGlobalSection
EndGlobal
